
Microsoft Visual Studio Solution File, Format Version 12.00
# Visual Studio Version 16
VisualStudioVersion = 16.0.30413.136
MinimumVisualStudioVersion = 10.0.40219.1
Project("{9A19103F-16F7-4668-BE54-9A1E7A4F7556}") = "MainSite", "MainSite\MainSite.csproj", "{2F36F327-CCEC-4721-AFB9-7F228E7D5CA2}"
EndProject
Project("{9A19103F-16F7-4668-BE54-9A1E7A4F7556}") = "ImagesSite", "ImagesSite\ImagesSite.csproj", "{38C060D1-31D7-40CB-A84B-45FEAB294E8C}"
EndProject
Project("{9A19103F-16F7-4668-BE54-9A1E7A4F7556}") = "VideosSite", "VideosSite\VideosSite.csproj", "{1E4F5C41-7D1F-4F05-B4F3-ABBF452354F1}"
EndProject
Project("{9A19103F-16F7-4668-BE54-9A1E7A4F7556}") = "Proxy", "Proxy\Proxy.csproj", "{267A9E54-18CE-491A-AF6A-D09B35F7AF8B}"
EndProject
Project("{FAE04EC0-301F-11D3-BF4B-00C04F79EFBC}") = "CommonUI", "CommonUI\CommonUI.csproj", "{9B1B80F5-39EB-48D2-863D-7A8D5ADBD2FC}"
EndProject
Global
	GlobalSection(SolutionConfigurationPlatforms) = preSolution
		Debug|Any CPU = Debug|Any CPU
		Release|Any CPU = Release|Any CPU
	EndGlobalSection
	GlobalSection(ProjectConfigurationPlatforms) = postSolution
		{2F36F327-CCEC-4721-AFB9-7F228E7D5CA2}.Debug|Any CPU.ActiveCfg = Debug|Any CPU
		{2F36F327-CCEC-4721-AFB9-7F228E7D5CA2}.Debug|Any CPU.Build.0 = Debug|Any CPU
		{2F36F327-CCEC-4721-AFB9-7F228E7D5CA2}.Release|Any CPU.ActiveCfg = Release|Any CPU
		{2F36F327-CCEC-4721-AFB9-7F228E7D5CA2}.Release|Any CPU.Build.0 = Release|Any CPU
		{38C060D1-31D7-40CB-A84B-45FEAB294E8C}.Debug|Any CPU.ActiveCfg = Debug|Any CPU
		{38C060D1-31D7-40CB-A84B-45FEAB294E8C}.Debug|Any CPU.Build.0 = Debug|Any CPU
		{38C060D1-31D7-40CB-A84B-45FEAB294E8C}.Release|Any CPU.ActiveCfg = Release|Any CPU
		{38C060D1-31D7-40CB-A84B-45FEAB294E8C}.Release|Any CPU.Build.0 = Release|Any CPU
		{1E4F5C41-7D1F-4F05-B4F3-ABBF452354F1}.Debug|Any CPU.ActiveCfg = Debug|Any CPU
		{1E4F5C41-7D1F-4F05-B4F3-ABBF452354F1}.Debug|Any CPU.Build.0 = Debug|Any CPU
		{1E4F5C41-7D1F-4F05-B4F3-ABBF452354F1}.Release|Any CPU.ActiveCfg = Release|Any CPU
		{1E4F5C41-7D1F-4F05-B4F3-ABBF452354F1}.Release|Any CPU.Build.0 = Release|Any CPU
		{267A9E54-18CE-491A-AF6A-D09B35F7AF8B}.Debug|Any CPU.ActiveCfg = Debug|Any CPU
		{267A9E54-18CE-491A-AF6A-D09B35F7AF8B}.Debug|Any CPU.Build.0 = Debug|Any CPU
		{267A9E54-18CE-491A-AF6A-D09B35F7AF8B}.Release|Any CPU.ActiveCfg = Release|Any CPU
		{267A9E54-18CE-491A-AF6A-D09B35F7AF8B}.Release|Any CPU.Build.0 = Release|Any CPU
		{9B1B80F5-39EB-48D2-863D-7A8D5ADBD2FC}.Debug|Any CPU.ActiveCfg = Debug|Any CPU
		{9B1B80F5-39EB-48D2-863D-7A8D5ADBD2FC}.Debug|Any CPU.Build.0 = Debug|Any CPU
		{9B1B80F5-39EB-48D2-863D-7A8D5ADBD2FC}.Release|Any CPU.ActiveCfg = Release|Any CPU
		{9B1B80F5-39EB-48D2-863D-7A8D5ADBD2FC}.Release|Any CPU.Build.0 = Release|Any CPU
	EndGlobalSection
	GlobalSection(SolutionProperties) = preSolution
		HideSolutionNode = FALSE
	EndGlobalSection
	GlobalSection(ExtensibilityGlobals) = postSolution
		SolutionGuid = {07A30DEF-7110-4FA5-BC8F-E022F0CDFC7E}
	EndGlobalSection
EndGlobal
